// !$*UTF8*$!
{
	archiveVersion = 1;
	classes = {
	};
	objectVersion = 56;
	objects = {

/* Begin PBXBuildFile section */
		A02ECE0A2A578F1500FDB160 /* MemoStickersSEApp.swift in Sources */ = {isa = PBXBuildFile; fileRef = A02ECE092A578F1500FDB160 /* MemoStickersSEApp.swift */; };
		A02ECE0C2A578F1500FDB160 /* ContentView.swift in Sources */ = {isa = PBXBuildFile; fileRef = A02ECE0B2A578F1500FDB160 /* ContentView.swift */; };
		A02ECE0E2A578F1600FDB160 /* Assets.xcassets in Resources */ = {isa = PBXBuildFile; fileRef = A02ECE0D2A578F1600FDB160 /* Assets.xcassets */; };
		A02ECE112A578F1600FDB160 /* Preview Assets.xcassets in Resources */ = {isa = PBXBuildFile; fileRef = A02ECE102A578F1600FDB160 /* Preview Assets.xcassets */; };
		A02ECE182A57905500FDB160 /* StickerListView.swift in Sources */ = {isa = PBXBuildFile; fileRef = A02ECE172A57905400FDB160 /* StickerListView.swift */; };
		A02ECE1A2A57945900FDB160 /* StickerView.swift in Sources */ = {isa = PBXBuildFile; fileRef = A02ECE192A57945900FDB160 /* StickerView.swift */; };
		A02ECE1C2A579FA600FDB160 /* StickerAddView.swift in Sources */ = {isa = PBXBuildFile; fileRef = A02ECE1B2A579FA600FDB160 /* StickerAddView.swift */; };
		A02ECE1E2A57AC3500FDB160 /* StickerColoerSelectView.swift in Sources */ = {isa = PBXBuildFile; fileRef = A02ECE1D2A57AC3500FDB160 /* StickerColoerSelectView.swift */; };
/* End PBXBuildFile section */

/* Begin PBXFileReference section */
		A02ECE062A578F1500FDB160 /* MemoStickersSE.app */ = {isa = PBXFileReference; explicitFileType = wrapper.application; includeInIndex = 0; path = MemoStickersSE.app; sourceTree = BUILT_PRODUCTS_DIR; };
		A02ECE092A578F1500FDB160 /* MemoStickersSEApp.swift */ = {isa = PBXFileReference; lastKnownFileType = sourcecode.swift; path = MemoStickersSEApp.swift; sourceTree = "<group>"; };
		A02ECE0B2A578F1500FDB160 /* ContentView.swift */ = {isa = PBXFileReference; lastKnownFileType = sourcecode.swift; path = ContentView.swift; sourceTree = "<group>"; };
		A02ECE0D2A578F1600FDB160 /* Assets.xcassets */ = {isa = PBXFileReference; lastKnownFileType = folder.assetcatalog; path = Assets.xcassets; sourceTree = "<group>"; };
		A02ECE102A578F1600FDB160 /* Preview Assets.xcassets */ = {isa = PBXFileReference; lastKnownFileType = folder.assetcatalog; path = "Preview Assets.xcassets"; sourceTree = "<group>"; };
		A02ECE172A57905400FDB160 /* StickerListView.swift */ = {isa = PBXFileReference; lastKnownFileType = sourcecode.swift; path = StickerListView.swift; sourceTree = "<group>"; };
		A02ECE192A57945900FDB160 /* StickerView.swift */ = {isa = PBXFileReference; lastKnownFileType = sourcecode.swift; path = StickerView.swift; sourceTree = "<group>"; };
		A02ECE1B2A579FA600FDB160 /* StickerAddView.swift */ = {isa = PBXFileReference; lastKnownFileType = sourcecode.swift; path = StickerAddView.swift; sourceTree = "<group>"; };
		A02ECE1D2A57AC3500FDB160 /* StickerColoerSelectView.swift */ = {isa = PBXFileReference; lastKnownFileType = sourcecode.swift; path = StickerColoerSelectView.swift; sourceTree = "<group>"; };
/* End PBXFileReference section */

/* Begin PBXFrameworksBuildPhase section */
		A02ECE032A578F1500FDB160 /* Frameworks */ = {
			isa = PBXFrameworksBuildPhase;
			buildActionMask = 2147483647;
			files = (
			);
			runOnlyForDeploymentPostprocessing = 0;
		};
/* End PBXFrameworksBuildPhase section */

/* Begin PBXGroup section */
		A02ECDFD2A578F1500FDB160 = {
			isa = PBXGroup;
			children = (
				A02ECE082A578F1500FDB160 /* MemoStickersSE */,
				A02ECE072A578F1500FDB160 /* Products */,
			);
			sourceTree = "<group>";
		};
		A02ECE072A578F1500FDB160 /* Products */ = {
			isa = PBXGroup;
			children = (
				A02ECE062A578F1500FDB160 /* MemoStickersSE.app */,
			);
			name = Products;
			sourceTree = "<group>";
		};
		A02ECE082A578F1500FDB160 /* MemoStickersSE */ = {
			isa = PBXGroup;
			children = (
				A02ECE092A578F1500FDB160 /* MemoStickersSEApp.swift */,
				A02ECE0B2A578F1500FDB160 /* ContentView.swift */,
				A02ECE172A57905400FDB160 /* StickerListView.swift */,
				A02ECE192A57945900FDB160 /* StickerView.swift */,
				A02ECE1B2A579FA600FDB160 /* StickerAddView.swift */,
				A02ECE1D2A57AC3500FDB160 /* StickerColoerSelectView.swift */,
				A02ECE0D2A578F1600FDB160 /* Assets.xcassets */,
				A02ECE0F2A578F1600FDB160 /* Preview Content */,
			);
			path = MemoStickersSE;
			sourceTree = "<group>";
		};
		A02ECE0F2A578F1600FDB160 /* Preview Content */ = {
			isa = PBXGroup;
			children = (
				A02ECE102A578F1600FDB160 /* Preview Assets.xcassets */,
			);
			path = "Preview Content";
			sourceTree = "<group>";
		};
/* End PBXGroup section */

/* Begin PBXNativeTarget section */
		A02ECE052A578F1500FDB160 /* MemoStickersSE */ = {
			isa = PBXNativeTarget;
			buildConfigurationList = A02ECE142A578F1600FDB160 /* Build configuration list for PBXNativeTarget "MemoStickersSE" */;
			buildPhases = (
				A02ECE022A578F1500FDB160 /* Sources */,
				A02ECE032A578F1500FDB160 /* Frameworks */,
				A02ECE042A578F1500FDB160 /* Resources */,
			);
			buildRules = (
			);
			dependencies = (
			);
			name = MemoStickersSE;
			productName = MemoStickersSE;
			productReference = A02ECE062A578F1500FDB160 /* MemoStickersSE.app */;
			productType = "com.apple.product-type.application";
		};
/* End PBXNativeTarget section */

/* Begin PBXProject section */
		A02ECDFE2A578F1500FDB160 /* Project object */ = {
			isa = PBXProject;
			attributes = {
				BuildIndependentTargetsInParallel = 1;
				LastSwiftUpdateCheck = 1430;
				LastUpgradeCheck = 1430;
				TargetAttributes = {
					A02ECE052A578F1500FDB160 = {
						CreatedOnToolsVersion = 14.3.1;
					};
				};
			};
			buildConfigurationList = A02ECE012A578F1500FDB160 /* Build configuration list for PBXProject "MemoStickersSE" */;
			compatibilityVersion = "Xcode 14.0";
			developmentRegion = en;
			hasScannedForEncodings = 0;
			knownRegions = (
				en,
				Base,
			);
			mainGroup = A02ECDFD2A578F1500FDB160;
			productRefGroup = A02ECE072A578F1500FDB160 /* Products */;
			projectDirPath = "";
			projectRoot = "";
			targets = (
				A02ECE052A578F1500FDB160 /* MemoStickersSE */,
			);
		};
/* End PBXProject section */

/* Begin PBXResourcesBuildPhase section */
		A02ECE042A578F1500FDB160 /* Resources */ = {
			isa = PBXResourcesBuildPhase;
			buildActionMask = 2147483647;
			files = (
				A02ECE112A578F1600FDB160 /* Preview Assets.xcassets in Resources */,
				A02ECE0E2A578F1600FDB160 /* Assets.xcassets in Resources */,
			);
			runOnlyForDeploymentPostprocessing = 0;
		};
/* End PBXResourcesBuildPhase section */

/* Begin PBXSourcesBuildPhase section */
		A02ECE022A578F1500FDB160 /* Sources */ = {
			isa = PBXSourcesBuildPhase;
			buildActionMask = 2147483647;
			files = (
				A02ECE1A2A57945900FDB160 /* StickerView.swift in Sources */,
				A02ECE0C2A578F1500FDB160 /* ContentView.swift in Sources */,
				A02ECE1E2A57AC3500FDB160 /* StickerColoerSelectView.swift in Sources */,
				A02ECE1C2A579FA600FDB160 /* StickerAddView.swift in Sources */,
				A02ECE0A2A578F1500FDB160 /* MemoStickersSEApp.swift in Sources */,
				A02ECE182A57905500FDB160 /* StickerListView.swift in Sources */,
			);
			runOnlyForDeploymentPostprocessing = 0;
		};
/* End PBXSourcesBuildPhase section */

/* Begin XCBuildConfiguration section */
		A02ECE122A578F1600FDB160 /* Debug */ = {
			isa = XCBuildConfiguration;
			buildSettings = {
				ALWAYS_SEARCH_USER_PATHS = NO;
				CLANG_ANALYZER_NONNULL = YES;
				CLANG_ANALYZER_NUMBER_OBJECT_CONVERSION = YES_AGGRESSIVE;
				CLANG_CXX_LANGUAGE_STANDARD = "gnu++20";
				CLANG_ENABLE_MODULES = YES;
				CLANG_ENABLE_OBJC_ARC = YES;
				CLANG_ENABLE_OBJC_WEAK = YES;
				CLANG_WARN_BLOCK_CAPTURE_AUTORELEASING = YES;
				CLANG_WARN_BOOL_CONVERSION = YES;
				CLANG_WARN_COMMA = YES;
				CLANG_WARN_CONSTANT_CONVERSION = YES;
				CLANG_WARN_DEPRECATED_OBJC_IMPLEMENTATIONS = YES;
				CLANG_WARN_DIRECT_OBJC_ISA_USAGE = YES_ERROR;
				CLANG_WARN_DOCUMENTATION_COMMENTS = YES;
				CLANG_WARN_EMPTY_BODY = YES;
				CLANG_WARN_ENUM_CONVERSION = YES;
				CLANG_WARN_INFINITE_RECURSION = YES;
				CLANG_WARN_INT_CONVERSION = YES;
				CLANG_WARN_NON_LITERAL_NULL_CONVERSION = YES;
				CLANG_WARN_OBJC_IMPLICIT_RETAIN_SELF = YES;
				CLANG_WARN_OBJC_LITERAL_CONVERSION = YES;
				CLANG_WARN_OBJC_ROOT_CLASS = YES_ERROR;
				CLANG_WARN_QUOTED_INCLUDE_IN_FRAMEWORK_HEADER = YES;
				CLANG_WARN_RANGE_LOOP_ANALYSIS = YES;
				CLANG_WARN_STRICT_PROTOTYPES = YES;
				CLANG_WARN_SUSPICIOUS_MOVE = YES;
				CLANG_WARN_UNGUARDED_AVAILABILITY = YES_AGGRESSIVE;
				CLANG_WARN_UNREACHABLE_CODE = YES;
				CLANG_WARN__DUPLICATE_METHOD_MATCH = YES;
				COPY_PHASE_STRIP = NO;
				DEBUG_INFORMATION_FORMAT = dwarf;
				ENABLE_STRICT_OBJC_MSGSEND = YES;
				ENABLE_TESTABILITY = YES;
				GCC_C_LANGUAGE_STANDARD = gnu11;
				GCC_DYNAMIC_NO_PIC = NO;
				GCC_NO_COMMON_BLOCKS = YES;
				GCC_OPTIMIZATION_LEVEL = 0;
				GCC_PREPROCESSOR_DEFINITIONS = (
					"DEBUG=1",
					"$(inherited)",
				);
				GCC_WARN_64_TO_32_BIT_CONVERSION = YES;
				GCC_WARN_ABOUT_RETURN_TYPE = YES_ERROR;
				GCC_WARN_UNDECLARED_SELECTOR = YES;
				GCC_WARN_UNINITIALIZED_AUTOS = YES_AGGRESSIVE;
				GCC_WARN_UNUSED_FUNCTION = YES;
				GCC_WARN_UNUSED_VARIABLE = YES;
				IPHONEOS_DEPLOYMENT_TARGET = 16.4;
				MTL_ENABLE_DEBUG_INFO = INCLUDE_SOURCE;
				MTL_FAST_MATH = YES;
				ONLY_ACTIVE_ARCH = YES;
				SDKROOT = iphoneos;
				SWIFT_ACTIVE_COMPILATION_CONDITIONS = DEBUG;
				SWIFT_OPTIMIZATION_LEVEL = "-Onone";
			};
			name = Debug;
		};
		A02ECE132A578F1600FDB160 /* Release */ = {
			isa = XCBuildConfiguration;
			buildSettings = {
				ALWAYS_SEARCH_USER_PATHS = NO;
				CLANG_ANALYZER_NONNULL = YES;
				CLANG_ANALYZER_NUMBER_OBJECT_CONVERSION = YES_AGGRESSIVE;
				CLANG_CXX_LANGUAGE_STANDARD = "gnu++20";
				CLANG_ENABLE_MODULES = YES;
				CLANG_ENABLE_OBJC_ARC = YES;
				CLANG_ENABLE_OBJC_WEAK = YES;
				CLANG_WARN_BLOCK_CAPTURE_AUTORELEASING = YES;
				CLANG_WARN_BOOL_CONVERSION = YES;
				CLANG_WARN_COMMA = YES;
				CLANG_WARN_CONSTANT_CONVERSION = YES;
				CLANG_WARN_DEPRECATED_OBJC_IMPLEMENTATIONS = YES;
				CLANG_WARN_DIRECT_OBJC_ISA_USAGE = YES_ERROR;
				CLANG_WARN_DOCUMENTATION_COMMENTS = YES;
				CLANG_WARN_EMPTY_BODY = YES;
				CLANG_WARN_ENUM_CONVERSION = YES;
				CLANG_WARN_INFINITE_RECURSION = YES;
				CLANG_WARN_INT_CONVERSION = YES;
				CLANG_WARN_NON_LITERAL_NULL_CONVERSION = YES;
				CLANG_WARN_OBJC_IMPLICIT_RETAIN_SELF = YES;
				CLANG_WARN_OBJC_LITERAL_CONVERSION = YES;
				CLANG_WARN_OBJC_ROOT_CLASS = YES_ERROR;
				CLANG_WARN_QUOTED_INCLUDE_IN_FRAMEWORK_HEADER = YES;
				CLANG_WARN_RANGE_LOOP_ANALYSIS = YES;
				CLANG_WARN_STRICT_PROTOTYPES = YES;
				CLANG_WARN_SUSPICIOUS_MOVE = YES;
				CLANG_WARN_UNGUARDED_AVAILABILITY = YES_AGGRESSIVE;
				CLANG_WARN_UNREACHABLE_CODE = YES;
				CLANG_WARN__DUPLICATE_METHOD_MATCH = YES;
				COPY_PHASE_STRIP = NO;
				DEBUG_INFORMATION_FORMAT = "dwarf-with-dsym";
				ENABLE_NS_ASSERTIONS = NO;
				ENABLE_STRICT_OBJC_MSGSEND = YES;
				GCC_C_LANGUAGE_STANDARD = gnu11;
				GCC_NO_COMMON_BLOCKS = YES;
				GCC_WARN_64_TO_32_BIT_CONVERSION = YES;
				GCC_WARN_ABOUT_RETURN_TYPE = YES_ERROR;
				GCC_WARN_UNDECLARED_SELECTOR = YES;
				GCC_WARN_UNINITIALIZED_AUTOS = YES_AGGRESSIVE;
				GCC_WARN_UNUSED_FUNCTION = YES;
				GCC_WARN_UNUSED_VARIABLE = YES;
				IPHONEOS_DEPLOYMENT_TARGET = 16.4;
				MTL_ENABLE_DEBUG_INFO = NO;
				MTL_FAST_MATH = YES;
				SDKROOT = iphoneos;
				SWIFT_COMPILATION_MODE = wholemodule;
				SWIFT_OPTIMIZATION_LEVEL = "-O";
				VALIDATE_PRODUCT = YES;
			};
			name = Release;
		};
		A02ECE152A578F1600FDB160 /* Debug */ = {
			isa = XCBuildConfiguration;
			buildSettings = {
				ASSETCATALOG_COMPILER_APPICON_NAME = AppIcon;
				ASSETCATALOG_COMPILER_GLOBAL_ACCENT_COLOR_NAME = AccentColor;
				CODE_SIGN_STYLE = Automatic;
				CURRENT_PROJECT_VERSION = 1;
				DEVELOPMENT_ASSET_PATHS = "\"MemoStickersSE/Preview Content\"";
				DEVELOPMENT_TEAM = HP4XA8YZN3;
				ENABLE_PREVIEWS = YES;
				GENERATE_INFOPLIST_FILE = YES;
				INFOPLIST_KEY_UIApplicationSceneManifest_Generation = YES;
				INFOPLIST_KEY_UIApplicationSupportsIndirectInputEvents = YES;
				INFOPLIST_KEY_UILaunchScreen_Generation = YES;
				INFOPLIST_KEY_UISupportedInterfaceOrientations_iPad = "UIInterfaceOrientationPortrait UIInterfaceOrientationPortraitUpsideDown UIInterfaceOrientationLandscapeLeft UIInterfaceOrientationLandscapeRight";
				INFOPLIST_KEY_UISupportedInterfaceOrientations_iPhone = "UIInterfaceOrientationPortrait UIInterfaceOrientationLandscapeLeft UIInterfaceOrientationLandscapeRight";
				LD_RUNPATH_SEARCH_PATHS = (
					"$(inherited)",
					"@executable_path/Frameworks",
				);
				MARKETING_VERSION = 1.0;
				PRODUCT_BUNDLE_IDENTIFIER = com.yeoyeo.MemoStickersSE;
				PRODUCT_NAME = "$(TARGET_NAME)";
				SUPPORTED_PLATFORMS = "iphoneos iphonesimulator";
				SUPPORTS_MACCATALYST = NO;
				SUPPORTS_MAC_DESIGNED_FOR_IPHONE_IPAD = NO;
				SWIFT_EMIT_LOC_STRINGS = YES;
				SWIFT_VERSION = 5.0;
				TARGETED_DEVICE_FAMILY = 1;
			};
			name = Debug;
		};
		A02ECE162A578F1600FDB160 /* Release */ = {
			isa = XCBuildConfiguration;
			buildSettings = {
				ASSETCATALOG_COMPILER_APPICON_NAME = AppIcon;
				ASSETCATALOG_COMPILER_GLOBAL_ACCENT_COLOR_NAME = AccentColor;
				CODE_SIGN_STYLE = Automatic;
				CURRENT_PROJECT_VERSION = 1;
				DEVELOPMENT_ASSET_PATHS = "\"MemoStickersSE/Preview Content\"";
				DEVELOPMENT_TEAM = HP4XA8YZN3;
				ENABLE_PREVIEWS = YES;
				GENERATE_INFOPLIST_FILE = YES;
				INFOPLIST_KEY_UIApplicationSceneManifest_Generation = YES;
				INFOPLIST_KEY_UIApplicationSupportsIndirectInputEvents = YES;
				INFOPLIST_KEY_UILaunchScreen_Generation = YES;
				INFOPLIST_KEY_UISupportedInterfaceOrientations_iPad = "UIInterfaceOrientationPortrait UIInterfaceOrientationPortraitUpsideDown UIInterfaceOrientationLandscapeLeft UIInterfaceOrientationLandscapeRight";
				INFOPLIST_KEY_UISupportedInterfaceOrientations_iPhone = "UIInterfaceOrientationPortrait UIInterfaceOrientationLandscapeLeft UIInterfaceOrientationLandscapeRight";
				LD_RUNPATH_SEARCH_PATHS = (
					"$(inherited)",
					"@executable_path/Frameworks",
				);
				MARKETING_VERSION = 1.0;
				PRODUCT_BUNDLE_IDENTIFIER = com.yeoyeo.MemoStickersSE;
				PRODUCT_NAME = "$(TARGET_NAME)";
				SUPPORTED_PLATFORMS = "iphoneos iphonesimulator";
				SUPPORTS_MACCATALYST = NO;
				SUPPORTS_MAC_DESIGNED_FOR_IPHONE_IPAD = NO;
				SWIFT_EMIT_LOC_STRINGS = YES;
				SWIFT_VERSION = 5.0;
				TARGETED_DEVICE_FAMILY = 1;
			};
			name = Release;
		};
/* End XCBuildConfiguration section */

/* Begin XCConfigurationList section */
		A02ECE012A578F1500FDB160 /* Build configuration list for PBXProject "MemoStickersSE" */ = {
			isa = XCConfigurationList;
			buildConfigurations = (
				A02ECE122A578F1600FDB160 /* Debug */,
				A02ECE132A578F1600FDB160 /* Release */,
			);
			defaultConfigurationIsVisible = 0;
			defaultConfigurationName = Release;
		};
		A02ECE142A578F1600FDB160 /* Build configuration list for PBXNativeTarget "MemoStickersSE" */ = {
			isa = XCConfigurationList;
			buildConfigurations = (
				A02ECE152A578F1600FDB160 /* Debug */,
				A02ECE162A578F1600FDB160 /* Release */,
			);
			defaultConfigurationIsVisible = 0;
			defaultConfigurationName = Release;
		};
/* End XCConfigurationList section */
	};
	rootObject = A02ECDFE2A578F1500FDB160 /* Project object */;
}
